
Microsoft Visual Studio Solution File, Format Version 12.00
# Visual Studio Version 17
VisualStudioVersion = 17.0.31903.59
MinimumVisualStudioVersion = 10.0.40219.1
Project("{2150E333-8FDC-42A3-9474-1A3956D46DE8}") = "src", "src", "{91EB2814-06FE-4ACD-AE26-03611E361F51}"
EndProject
Project("{9A19103F-16F7-4668-BE54-9A1E7A4F7556}") = "Colosoft.Reflection", "src\Colosoft.Reflection\Colosoft.Reflection.csproj", "{2FC74AAE-78F6-4322-BDA7-19D96726C526}"
EndProject
Project("{9A19103F-16F7-4668-BE54-9A1E7A4F7556}") = "Colosoft.Reflection.Composition", "src\Colosoft.Reflection.Composition\Colosoft.Reflection.Composition.csproj", "{192055AB-F9C4-4FD7-BEE5-64F0FBEDCE19}"
EndProject
Global
	GlobalSection(SolutionConfigurationPlatforms) = preSolution
		Debug|Any CPU = Debug|Any CPU
		Release|Any CPU = Release|Any CPU
	EndGlobalSection
	GlobalSection(ProjectConfigurationPlatforms) = postSolution
		{2FC74AAE-78F6-4322-BDA7-19D96726C526}.Debug|Any CPU.ActiveCfg = Debug|Any CPU
		{2FC74AAE-78F6-4322-BDA7-19D96726C526}.Debug|Any CPU.Build.0 = Debug|Any CPU
		{2FC74AAE-78F6-4322-BDA7-19D96726C526}.Release|Any CPU.ActiveCfg = Release|Any CPU
		{2FC74AAE-78F6-4322-BDA7-19D96726C526}.Release|Any CPU.Build.0 = Release|Any CPU
		{192055AB-F9C4-4FD7-BEE5-64F0FBEDCE19}.Debug|Any CPU.ActiveCfg = Debug|Any CPU
		{192055AB-F9C4-4FD7-BEE5-64F0FBEDCE19}.Debug|Any CPU.Build.0 = Debug|Any CPU
		{192055AB-F9C4-4FD7-BEE5-64F0FBEDCE19}.Release|Any CPU.ActiveCfg = Release|Any CPU
		{192055AB-F9C4-4FD7-BEE5-64F0FBEDCE19}.Release|Any CPU.Build.0 = Release|Any CPU
	EndGlobalSection
	GlobalSection(SolutionProperties) = preSolution
		HideSolutionNode = FALSE
	EndGlobalSection
	GlobalSection(NestedProjects) = preSolution
		{2FC74AAE-78F6-4322-BDA7-19D96726C526} = {91EB2814-06FE-4ACD-AE26-03611E361F51}
		{192055AB-F9C4-4FD7-BEE5-64F0FBEDCE19} = {91EB2814-06FE-4ACD-AE26-03611E361F51}
	EndGlobalSection
	GlobalSection(ExtensibilityGlobals) = postSolution
		SolutionGuid = {4C62C7CE-26DE-4C65-AFAD-750EDDC3466F}
	EndGlobalSection
EndGlobal
